
Microsoft Visual Studio Solution File, Format Version 12.00
# Visual Studio Version 16
VisualStudioVersion = 16.0.29519.181
MinimumVisualStudioVersion = 10.0.40219.1
Project("{FAE04EC0-301F-11D3-BF4B-00C04F79EFBC}") = "ONP_Transform_to_Expression", "ONP_Transform_to_Expression\ONP_Transform_to_Expression.csproj", "{42175ABD-ABA5-4EEB-A33C-5825C85F364C}"
EndProject
Global
	GlobalSection(SolutionConfigurationPlatforms) = preSolution
		Debug|Any CPU = Debug|Any CPU
		Release|Any CPU = Release|Any CPU
	EndGlobalSection
	GlobalSection(ProjectConfigurationPlatforms) = postSolution
		{42175ABD-ABA5-4EEB-A33C-5825C85F364C}.Debug|Any CPU.ActiveCfg = Debug|Any CPU
		{42175ABD-ABA5-4EEB-A33C-5825C85F364C}.Debug|Any CPU.Build.0 = Debug|Any CPU
		{42175ABD-ABA5-4EEB-A33C-5825C85F364C}.Release|Any CPU.ActiveCfg = Release|Any CPU
		{42175ABD-ABA5-4EEB-A33C-5825C85F364C}.Release|Any CPU.Build.0 = Release|Any CPU
	EndGlobalSection
	GlobalSection(SolutionProperties) = preSolution
		HideSolutionNode = FALSE
	EndGlobalSection
	GlobalSection(ExtensibilityGlobals) = postSolution
		SolutionGuid = {A14CC497-0D3C-47D7-8C6A-20CA881AC04B}
	EndGlobalSection
EndGlobal
