
Microsoft Visual Studio Solution File, Format Version 12.00
# Visual Studio Version 16
VisualStudioVersion = 16.0.29509.3
MinimumVisualStudioVersion = 10.0.40219.1
Project("{FAE04EC0-301F-11D3-BF4B-00C04F79EFBC}") = "The_Next_Palindrome", "The_Next_Palindrome\The_Next_Palindrome.csproj", "{69B298EA-7389-4EF2-8280-45E013D396D6}"
EndProject
Global
	GlobalSection(SolutionConfigurationPlatforms) = preSolution
		Debug|Any CPU = Debug|Any CPU
		Release|Any CPU = Release|Any CPU
	EndGlobalSection
	GlobalSection(ProjectConfigurationPlatforms) = postSolution
		{69B298EA-7389-4EF2-8280-45E013D396D6}.Debug|Any CPU.ActiveCfg = Debug|Any CPU
		{69B298EA-7389-4EF2-8280-45E013D396D6}.Debug|Any CPU.Build.0 = Debug|Any CPU
		{69B298EA-7389-4EF2-8280-45E013D396D6}.Release|Any CPU.ActiveCfg = Release|Any CPU
		{69B298EA-7389-4EF2-8280-45E013D396D6}.Release|Any CPU.Build.0 = Release|Any CPU
	EndGlobalSection
	GlobalSection(SolutionProperties) = preSolution
		HideSolutionNode = FALSE
	EndGlobalSection
	GlobalSection(ExtensibilityGlobals) = postSolution
		SolutionGuid = {3515EB4D-27CF-467E-82C6-8B12CEDE0A99}
	EndGlobalSection
EndGlobal
