
Microsoft Visual Studio Solution File, Format Version 12.00
# Visual Studio Version 16
VisualStudioVersion = 16.0.29519.181
MinimumVisualStudioVersion = 10.0.40219.1
Project("{FAE04EC0-301F-11D3-BF4B-00C04F79EFBC}") = "TAUT_Tautology", "TAUT_Tautology\TAUT_Tautology.csproj", "{DA8D0AED-1B01-4138-BC3B-278074C9046E}"
EndProject
Global
	GlobalSection(SolutionConfigurationPlatforms) = preSolution
		Debug|Any CPU = Debug|Any CPU
		Release|Any CPU = Release|Any CPU
	EndGlobalSection
	GlobalSection(ProjectConfigurationPlatforms) = postSolution
		{DA8D0AED-1B01-4138-BC3B-278074C9046E}.Debug|Any CPU.ActiveCfg = Debug|Any CPU
		{DA8D0AED-1B01-4138-BC3B-278074C9046E}.Debug|Any CPU.Build.0 = Debug|Any CPU
		{DA8D0AED-1B01-4138-BC3B-278074C9046E}.Release|Any CPU.ActiveCfg = Release|Any CPU
		{DA8D0AED-1B01-4138-BC3B-278074C9046E}.Release|Any CPU.Build.0 = Release|Any CPU
	EndGlobalSection
	GlobalSection(SolutionProperties) = preSolution
		HideSolutionNode = FALSE
	EndGlobalSection
	GlobalSection(ExtensibilityGlobals) = postSolution
		SolutionGuid = {C95D7DC7-960A-4A8C-8ADC-1A1F38C617A9}
	EndGlobalSection
EndGlobal
