
Microsoft Visual Studio Solution File, Format Version 12.00
# Visual Studio Version 16
VisualStudioVersion = 16.0.29613.14
MinimumVisualStudioVersion = 10.0.40219.1
Project("{FAE04EC0-301F-11D3-BF4B-00C04F79EFBC}") = "Hash_it", "Hash_it\Hash_it.csproj", "{BB2E50EF-D726-4AC8-A2B6-5793D4B004EE}"
EndProject
Global
	GlobalSection(SolutionConfigurationPlatforms) = preSolution
		Debug|Any CPU = Debug|Any CPU
		Release|Any CPU = Release|Any CPU
	EndGlobalSection
	GlobalSection(ProjectConfigurationPlatforms) = postSolution
		{BB2E50EF-D726-4AC8-A2B6-5793D4B004EE}.Debug|Any CPU.ActiveCfg = Debug|Any CPU
		{BB2E50EF-D726-4AC8-A2B6-5793D4B004EE}.Debug|Any CPU.Build.0 = Debug|Any CPU
		{BB2E50EF-D726-4AC8-A2B6-5793D4B004EE}.Release|Any CPU.ActiveCfg = Release|Any CPU
		{BB2E50EF-D726-4AC8-A2B6-5793D4B004EE}.Release|Any CPU.Build.0 = Release|Any CPU
	EndGlobalSection
	GlobalSection(SolutionProperties) = preSolution
		HideSolutionNode = FALSE
	EndGlobalSection
	GlobalSection(ExtensibilityGlobals) = postSolution
		SolutionGuid = {6B197D3E-109D-48E3-86D2-632D74A6CEDD}
	EndGlobalSection
EndGlobal
